
Microsoft Visual Studio Solution File, Format Version 12.00
# Visual Studio Version 16
VisualStudioVersion = 16.0.30907.101
MinimumVisualStudioVersion = 10.0.40219.1
Project("{FAE04EC0-301F-11D3-BF4B-00C04F79EFBC}") = "Additional Features Assignment", "Additional Features Assignment\Additional Features Assignment.csproj", "{F1A8B1D2-1D46-46DC-859C-26B5B1E93F85}"
EndProject
Global
	GlobalSection(SolutionConfigurationPlatforms) = preSolution
		Debug|Any CPU = Debug|Any CPU
		Release|Any CPU = Release|Any CPU
	EndGlobalSection
	GlobalSection(ProjectConfigurationPlatforms) = postSolution
		{F1A8B1D2-1D46-46DC-859C-26B5B1E93F85}.Debug|Any CPU.ActiveCfg = Debug|Any CPU
		{F1A8B1D2-1D46-46DC-859C-26B5B1E93F85}.Debug|Any CPU.Build.0 = Debug|Any CPU
		{F1A8B1D2-1D46-46DC-859C-26B5B1E93F85}.Release|Any CPU.ActiveCfg = Release|Any CPU
		{F1A8B1D2-1D46-46DC-859C-26B5B1E93F85}.Release|Any CPU.Build.0 = Release|Any CPU
	EndGlobalSection
	GlobalSection(SolutionProperties) = preSolution
		HideSolutionNode = FALSE
	EndGlobalSection
	GlobalSection(ExtensibilityGlobals) = postSolution
		SolutionGuid = {D9692ADA-D74C-4491-911A-6A738C1C7258}
	EndGlobalSection
EndGlobal
